// !$*UTF8*$!
{
	archiveVersion = 1;
	classes = {
	};
	objectVersion = 56;
	objects = {

/* Begin PBXBuildFile section */
		0E76BC3829374F76008F179A /* MathInputController.swift in Sources */ = {isa = PBXBuildFile; fileRef = 0E76BC3729374F76008F179A /* MathInputController.swift */; };
		0E76BC3A29389ADA008F179A /* String+Prefix.swift in Sources */ = {isa = PBXBuildFile; fileRef = 0E76BC3929389ADA008F179A /* String+Prefix.swift */; };
		0E76BC462938D612008F179A /* orangeTheme.swift in Sources */ = {isa = PBXBuildFile; fileRef = 0E76BC3C2938D611008F179A /* orangeTheme.swift */; };
		0E76BC472938D612008F179A /* lightBlueTheme.swift in Sources */ = {isa = PBXBuildFile; fileRef = 0E76BC3D2938D611008F179A /* lightBlueTheme.swift */; };
		0E76BC482938D612008F179A /* bloodOrangeTheme.swift in Sources */ = {isa = PBXBuildFile; fileRef = 0E76BC3E2938D611008F179A /* bloodOrangeTheme.swift */; };
		0E76BC492938D612008F179A /* pinkTheme.swift in Sources */ = {isa = PBXBuildFile; fileRef = 0E76BC3F2938D611008F179A /* pinkTheme.swift */; };
		0E76BC4A2938D612008F179A /* darkBlueTheme.swift in Sources */ = {isa = PBXBuildFile; fileRef = 0E76BC402938D611008F179A /* darkBlueTheme.swift */; };
		0E76BC4B2938D612008F179A /* washedOutTheme.swift in Sources */ = {isa = PBXBuildFile; fileRef = 0E76BC412938D611008F179A /* washedOutTheme.swift */; };
		0E76BC4C2938D612008F179A /* darkTheme.swift in Sources */ = {isa = PBXBuildFile; fileRef = 0E76BC422938D611008F179A /* darkTheme.swift */; };
		0E76BC4D2938D612008F179A /* purpleTheme.swift in Sources */ = {isa = PBXBuildFile; fileRef = 0E76BC432938D611008F179A /* purpleTheme.swift */; };
		0E76BC4E2938D612008F179A /* lightTheme.swift in Sources */ = {isa = PBXBuildFile; fileRef = 0E76BC442938D611008F179A /* lightTheme.swift */; };
		0E76BC4F2938D612008F179A /* electroTheme.swift in Sources */ = {isa = PBXBuildFile; fileRef = 0E76BC452938D612008F179A /* electroTheme.swift */; };
		0E76BC522939DF18008F179A /* ThemeManager.swift in Sources */ = {isa = PBXBuildFile; fileRef = 0E76BC512939DF18008F179A /* ThemeManager.swift */; };
		0E76BC54293A22A6008F179A /* DataStoreManager.swift in Sources */ = {isa = PBXBuildFile; fileRef = 0E76BC53293A22A6008F179A /* DataStoreManager.swift */; };
		0EBF4CDA29349CF100E2B79B /* CalculatorEngine.swift in Sources */ = {isa = PBXBuildFile; fileRef = 0EBF4CD929349CF100E2B79B /* CalculatorEngine.swift */; };
		0EBF4E192924D4A60094FD16 /* AppDelegate.swift in Sources */ = {isa = PBXBuildFile; fileRef = 0EBF4E182924D4A60094FD16 /* AppDelegate.swift */; };
		0EBF4E1B2924D4A60094FD16 /* SceneDelegate.swift in Sources */ = {isa = PBXBuildFile; fileRef = 0EBF4E1A2924D4A60094FD16 /* SceneDelegate.swift */; };
		0EBF4E1D2924D4A60094FD16 /* CalcViewController.swift in Sources */ = {isa = PBXBuildFile; fileRef = 0EBF4E1C2924D4A60094FD16 /* CalcViewController.swift */; };
		0EBF4E202924D4A60094FD16 /* Main.storyboard in Resources */ = {isa = PBXBuildFile; fileRef = 0EBF4E1E2924D4A60094FD16 /* Main.storyboard */; };
		0EBF4E222924D4A70094FD16 /* Assets.xcassets in Resources */ = {isa = PBXBuildFile; fileRef = 0EBF4E212924D4A70094FD16 /* Assets.xcassets */; };
		0EBF4E252924D4A70094FD16 /* LaunchScreen.storyboard in Resources */ = {isa = PBXBuildFile; fileRef = 0EBF4E232924D4A70094FD16 /* LaunchScreen.storyboard */; };
		0EBF4E302924D4A80094FD16 /* MathEquationTests.swift in Sources */ = {isa = PBXBuildFile; fileRef = 0EBF4E2F2924D4A80094FD16 /* MathEquationTests.swift */; };
		0EBF4E492930B3250094FD16 /* CalculatorTheme.swift in Sources */ = {isa = PBXBuildFile; fileRef = 0EBF4E482930B3250094FD16 /* CalculatorTheme.swift */; };
		0EBF4E4B2930B9530094FD16 /* UIColor+HexValue.swift in Sources */ = {isa = PBXBuildFile; fileRef = 0EBF4E4A2930B9530094FD16 /* UIColor+HexValue.swift */; };
		0EBF4E4D293100C50094FD16 /* MathEquation.swift in Sources */ = {isa = PBXBuildFile; fileRef = 0EBF4E4C293100C50094FD16 /* MathEquation.swift */; };
/* End PBXBuildFile section */

/* Begin PBXContainerItemProxy section */
		0EBF4E2C2924D4A80094FD16 /* PBXContainerItemProxy */ = {
			isa = PBXContainerItemProxy;
			containerPortal = 0EBF4E0D2924D4A60094FD16 /* Project object */;
			proxyType = 1;
			remoteGlobalIDString = 0EBF4E142924D4A60094FD16;
			remoteInfo = Calc;
		};
		0EBF4E362924D4A80094FD16 /* PBXContainerItemProxy */ = {
			isa = PBXContainerItemProxy;
			containerPortal = 0EBF4E0D2924D4A60094FD16 /* Project object */;
			proxyType = 1;
			remoteGlobalIDString = 0EBF4E142924D4A60094FD16;
			remoteInfo = Calc;
		};
/* End PBXContainerItemProxy section */

/* Begin PBXFileReference section */
		0E76BC3729374F76008F179A /* MathInputController.swift */ = {isa = PBXFileReference; lastKnownFileType = sourcecode.swift; path = MathInputController.swift; sourceTree = "<group>"; };
		0E76BC3929389ADA008F179A /* String+Prefix.swift */ = {isa = PBXFileReference; lastKnownFileType = sourcecode.swift; path = "String+Prefix.swift"; sourceTree = "<group>"; };
		0E76BC3C2938D611008F179A /* orangeTheme.swift */ = {isa = PBXFileReference; fileEncoding = 4; lastKnownFileType = sourcecode.swift; path = orangeTheme.swift; sourceTree = "<group>"; };
		0E76BC3D2938D611008F179A /* lightBlueTheme.swift */ = {isa = PBXFileReference; fileEncoding = 4; lastKnownFileType = sourcecode.swift; path = lightBlueTheme.swift; sourceTree = "<group>"; };
		0E76BC3E2938D611008F179A /* bloodOrangeTheme.swift */ = {isa = PBXFileReference; fileEncoding = 4; lastKnownFileType = sourcecode.swift; path = bloodOrangeTheme.swift; sourceTree = "<group>"; };
		0E76BC3F2938D611008F179A /* pinkTheme.swift */ = {isa = PBXFileReference; fileEncoding = 4; lastKnownFileType = sourcecode.swift; path = pinkTheme.swift; sourceTree = "<group>"; };
		0E76BC402938D611008F179A /* darkBlueTheme.swift */ = {isa = PBXFileReference; fileEncoding = 4; lastKnownFileType = sourcecode.swift; path = darkBlueTheme.swift; sourceTree = "<group>"; };
		0E76BC412938D611008F179A /* washedOutTheme.swift */ = {isa = PBXFileReference; fileEncoding = 4; lastKnownFileType = sourcecode.swift; path = washedOutTheme.swift; sourceTree = "<group>"; };
		0E76BC422938D611008F179A /* darkTheme.swift */ = {isa = PBXFileReference; fileEncoding = 4; lastKnownFileType = sourcecode.swift; path = darkTheme.swift; sourceTree = "<group>"; };
		0E76BC432938D611008F179A /* purpleTheme.swift */ = {isa = PBXFileReference; fileEncoding = 4; lastKnownFileType = sourcecode.swift; path = purpleTheme.swift; sourceTree = "<group>"; };
		0E76BC442938D611008F179A /* lightTheme.swift */ = {isa = PBXFileReference; fileEncoding = 4; lastKnownFileType = sourcecode.swift; path = lightTheme.swift; sourceTree = "<group>"; };
		0E76BC452938D612008F179A /* electroTheme.swift */ = {isa = PBXFileReference; fileEncoding = 4; lastKnownFileType = sourcecode.swift; path = electroTheme.swift; sourceTree = "<group>"; };
		0E76BC512939DF18008F179A /* ThemeManager.swift */ = {isa = PBXFileReference; lastKnownFileType = sourcecode.swift; path = ThemeManager.swift; sourceTree = "<group>"; };
		0E76BC53293A22A6008F179A /* DataStoreManager.swift */ = {isa = PBXFileReference; fileEncoding = 4; lastKnownFileType = sourcecode.swift; path = DataStoreManager.swift; sourceTree = "<group>"; };
		0EBF4CD929349CF100E2B79B /* CalculatorEngine.swift */ = {isa = PBXFileReference; fileEncoding = 4; lastKnownFileType = sourcecode.swift; path = CalculatorEngine.swift; sourceTree = "<group>"; };
		0EBF4E152924D4A60094FD16 /* Calc.app */ = {isa = PBXFileReference; explicitFileType = wrapper.application; includeInIndex = 0; path = Calc.app; sourceTree = BUILT_PRODUCTS_DIR; };
		0EBF4E182924D4A60094FD16 /* AppDelegate.swift */ = {isa = PBXFileReference; lastKnownFileType = sourcecode.swift; path = AppDelegate.swift; sourceTree = "<group>"; };
		0EBF4E1A2924D4A60094FD16 /* SceneDelegate.swift */ = {isa = PBXFileReference; lastKnownFileType = sourcecode.swift; path = SceneDelegate.swift; sourceTree = "<group>"; };
		0EBF4E1C2924D4A60094FD16 /* CalcViewController.swift */ = {isa = PBXFileReference; lastKnownFileType = sourcecode.swift; path = CalcViewController.swift; sourceTree = "<group>"; };
		0EBF4E1F2924D4A60094FD16 /* Base */ = {isa = PBXFileReference; lastKnownFileType = file.storyboard; name = Base; path = Base.lproj/Main.storyboard; sourceTree = "<group>"; };
		0EBF4E212924D4A70094FD16 /* Assets.xcassets */ = {isa = PBXFileReference; lastKnownFileType = folder.assetcatalog; path = Assets.xcassets; sourceTree = "<group>"; };
		0EBF4E242924D4A70094FD16 /* Base */ = {isa = PBXFileReference; lastKnownFileType = file.storyboard; name = Base; path = Base.lproj/LaunchScreen.storyboard; sourceTree = "<group>"; };
		0EBF4E262924D4A70094FD16 /* Info.plist */ = {isa = PBXFileReference; lastKnownFileType = text.plist.xml; path = Info.plist; sourceTree = "<group>"; };
		0EBF4E2B2924D4A80094FD16 /* CalcTests.xctest */ = {isa = PBXFileReference; explicitFileType = wrapper.cfbundle; includeInIndex = 0; path = CalcTests.xctest; sourceTree = BUILT_PRODUCTS_DIR; };
		0EBF4E2F2924D4A80094FD16 /* MathEquationTests.swift */ = {isa = PBXFileReference; lastKnownFileType = sourcecode.swift; path = MathEquationTests.swift; sourceTree = "<group>"; };
		0EBF4E352924D4A80094FD16 /* CalcUITests.xctest */ = {isa = PBXFileReference; explicitFileType = wrapper.cfbundle; includeInIndex = 0; path = CalcUITests.xctest; sourceTree = BUILT_PRODUCTS_DIR; };
		0EBF4E482930B3250094FD16 /* CalculatorTheme.swift */ = {isa = PBXFileReference; lastKnownFileType = sourcecode.swift; path = CalculatorTheme.swift; sourceTree = "<group>"; };
		0EBF4E4A2930B9530094FD16 /* UIColor+HexValue.swift */ = {isa = PBXFileReference; fileEncoding = 4; lastKnownFileType = sourcecode.swift; path = "UIColor+HexValue.swift"; sourceTree = "<group>"; };
		0EBF4E4C293100C50094FD16 /* MathEquation.swift */ = {isa = PBXFileReference; lastKnownFileType = sourcecode.swift; path = MathEquation.swift; sourceTree = "<group>"; };
/* End PBXFileReference section */

/* Begin PBXFrameworksBuildPhase section */
		0EBF4E122924D4A60094FD16 /* Frameworks */ = {
			isa = PBXFrameworksBuildPhase;
			buildActionMask = 2147483647;
			files = (
			);
			runOnlyForDeploymentPostprocessing = 0;
		};
		0EBF4E282924D4A80094FD16 /* Frameworks */ = {
			isa = PBXFrameworksBuildPhase;
			buildActionMask = 2147483647;
			files = (
			);
			runOnlyForDeploymentPostprocessing = 0;
		};
		0EBF4E322924D4A80094FD16 /* Frameworks */ = {
			isa = PBXFrameworksBuildPhase;
			buildActionMask = 2147483647;
			files = (
			);
			runOnlyForDeploymentPostprocessing = 0;
		};
/* End PBXFrameworksBuildPhase section */

/* Begin PBXGroup section */
		0E76BC3B29389F4F008F179A /* Swift Extensions */ = {
			isa = PBXGroup;
			children = (
				0E76BC3929389ADA008F179A /* String+Prefix.swift */,
			);
			path = "Swift Extensions";
			sourceTree = "<group>";
		};
		0E76BC502938DE28008F179A /* Color Themes */ = {
			isa = PBXGroup;
			children = (
				0E76BC422938D611008F179A /* darkTheme.swift */,
				0E76BC432938D611008F179A /* purpleTheme.swift */,
				0E76BC3E2938D611008F179A /* bloodOrangeTheme.swift */,
				0E76BC402938D611008F179A /* darkBlueTheme.swift */,
				0E76BC452938D612008F179A /* electroTheme.swift */,
				0E76BC3D2938D611008F179A /* lightBlueTheme.swift */,
				0E76BC442938D611008F179A /* lightTheme.swift */,
				0E76BC3C2938D611008F179A /* orangeTheme.swift */,
				0E76BC3F2938D611008F179A /* pinkTheme.swift */,
				0E76BC412938D611008F179A /* washedOutTheme.swift */,
			);
			path = "Color Themes";
			sourceTree = "<group>";
		};
		0E76BC55293A22AA008F179A /* Data Storage Layer */ = {
			isa = PBXGroup;
			children = (
				0E76BC53293A22A6008F179A /* DataStoreManager.swift */,
			);
			path = "Data Storage Layer";
			sourceTree = "<group>";
		};
		0EBF4CDB2934BB9300E2B79B /* Presentation Layer */ = {
			isa = PBXGroup;
			children = (
				0EBF4CDE2934BD4000E2B79B /* UIViewControllers */,
				0EBF4CDC2934BC4B00E2B79B /* UIKit Extensions */,
				0EBF4CDD2934BCBB00E2B79B /* Storyboards */,
			);
			path = "Presentation Layer";
			sourceTree = "<group>";
		};
		0EBF4CDC2934BC4B00E2B79B /* UIKit Extensions */ = {
			isa = PBXGroup;
			children = (
				0EBF4E182924D4A60094FD16 /* AppDelegate.swift */,
				0EBF4E1A2924D4A60094FD16 /* SceneDelegate.swift */,
				0EBF4E4A2930B9530094FD16 /* UIColor+HexValue.swift */,
			);
			path = "UIKit Extensions";
			sourceTree = "<group>";
		};
		0EBF4CDD2934BCBB00E2B79B /* Storyboards */ = {
			isa = PBXGroup;
			children = (
				0EBF4E1E2924D4A60094FD16 /* Main.storyboard */,
				0EBF4E232924D4A70094FD16 /* LaunchScreen.storyboard */,
			);
			path = Storyboards;
			sourceTree = "<group>";
		};
		0EBF4CDE2934BD4000E2B79B /* UIViewControllers */ = {
			isa = PBXGroup;
			children = (
				0EBF4E1C2924D4A60094FD16 /* CalcViewController.swift */,
			);
			path = UIViewControllers;
			sourceTree = "<group>";
		};
		0EBF4CDF2934BEE800E2B79B /* Busines Logic Layer */ = {
			isa = PBXGroup;
			children = (
				0EBF4CD929349CF100E2B79B /* CalculatorEngine.swift */,
				0E76BC3729374F76008F179A /* MathInputController.swift */,
				0E76BC512939DF18008F179A /* ThemeManager.swift */,
			);
			path = "Busines Logic Layer";
			sourceTree = "<group>";
		};
		0EBF4CE02934BF4200E2B79B /* Data Layer */ = {
			isa = PBXGroup;
			children = (
				0EBF4E482930B3250094FD16 /* CalculatorTheme.swift */,
				0EBF4E4C293100C50094FD16 /* MathEquation.swift */,
				0E76BC502938DE28008F179A /* Color Themes */,
			);
			path = "Data Layer";
			sourceTree = "<group>";
		};
		0EBF4E0C2924D4A60094FD16 = {
			isa = PBXGroup;
			children = (
				0EBF4E172924D4A60094FD16 /* Calc */,
				0EBF4E2E2924D4A80094FD16 /* CalcTests */,
				0EBF4E162924D4A60094FD16 /* Products */,
			);
			sourceTree = "<group>";
		};
		0EBF4E162924D4A60094FD16 /* Products */ = {
			isa = PBXGroup;
			children = (
				0EBF4E152924D4A60094FD16 /* Calc.app */,
				0EBF4E2B2924D4A80094FD16 /* CalcTests.xctest */,
				0EBF4E352924D4A80094FD16 /* CalcUITests.xctest */,
			);
			name = Products;
			sourceTree = "<group>";
		};
		0EBF4E172924D4A60094FD16 /* Calc */ = {
			isa = PBXGroup;
			children = (
				0E76BC3B29389F4F008F179A /* Swift Extensions */,
				0EBF4CDB2934BB9300E2B79B /* Presentation Layer */,
				0EBF4CDF2934BEE800E2B79B /* Busines Logic Layer */,
				0E76BC55293A22AA008F179A /* Data Storage Layer */,
				0EBF4CE02934BF4200E2B79B /* Data Layer */,
				0EBF4E212924D4A70094FD16 /* Assets.xcassets */,
				0EBF4E262924D4A70094FD16 /* Info.plist */,
			);
			path = Calc;
			sourceTree = "<group>";
		};
		0EBF4E2E2924D4A80094FD16 /* CalcTests */ = {
			isa = PBXGroup;
			children = (
				0EBF4E2F2924D4A80094FD16 /* MathEquationTests.swift */,
			);
			path = CalcTests;
			sourceTree = "<group>";
		};
/* End PBXGroup section */

/* Begin PBXNativeTarget section */
		0EBF4E142924D4A60094FD16 /* Calc */ = {
			isa = PBXNativeTarget;
			buildConfigurationList = 0EBF4E3F2924D4A80094FD16 /* Build configuration list for PBXNativeTarget "Calc" */;
			buildPhases = (
				0EBF4E112924D4A60094FD16 /* Sources */,
				0EBF4E122924D4A60094FD16 /* Frameworks */,
				0EBF4E132924D4A60094FD16 /* Resources */,
			);
			buildRules = (
			);
			dependencies = (
			);
			name = Calc;
			productName = Calc;
			productReference = 0EBF4E152924D4A60094FD16 /* Calc.app */;
			productType = "com.apple.product-type.application";
		};
		0EBF4E2A2924D4A80094FD16 /* CalcTests */ = {
			isa = PBXNativeTarget;
			buildConfigurationList = 0EBF4E422924D4A80094FD16 /* Build configuration list for PBXNativeTarget "CalcTests" */;
			buildPhases = (
				0EBF4E272924D4A80094FD16 /* Sources */,
				0EBF4E282924D4A80094FD16 /* Frameworks */,
				0EBF4E292924D4A80094FD16 /* Resources */,
			);
			buildRules = (
			);
			dependencies = (
				0EBF4E2D2924D4A80094FD16 /* PBXTargetDependency */,
			);
			name = CalcTests;
			productName = CalcTests;
			productReference = 0EBF4E2B2924D4A80094FD16 /* CalcTests.xctest */;
			productType = "com.apple.product-type.bundle.unit-test";
		};
		0EBF4E342924D4A80094FD16 /* CalcUITests */ = {
			isa = PBXNativeTarget;
			buildConfigurationList = 0EBF4E452924D4A80094FD16 /* Build configuration list for PBXNativeTarget "CalcUITests" */;
			buildPhases = (
				0EBF4E312924D4A80094FD16 /* Sources */,
				0EBF4E322924D4A80094FD16 /* Frameworks */,
				0EBF4E332924D4A80094FD16 /* Resources */,
			);
			buildRules = (
			);
			dependencies = (
				0EBF4E372924D4A80094FD16 /* PBXTargetDependency */,
			);
			name = CalcUITests;
			productName = CalcUITests;
			productReference = 0EBF4E352924D4A80094FD16 /* CalcUITests.xctest */;
			productType = "com.apple.product-type.bundle.ui-testing";
		};
/* End PBXNativeTarget section */

/* Begin PBXProject section */
		0EBF4E0D2924D4A60094FD16 /* Project object */ = {
			isa = PBXProject;
			attributes = {
				BuildIndependentTargetsInParallel = 1;
				LastSwiftUpdateCheck = 1400;
				LastUpgradeCheck = 1400;
				TargetAttributes = {
					0EBF4E142924D4A60094FD16 = {
						CreatedOnToolsVersion = 14.0.1;
					};
					0EBF4E2A2924D4A80094FD16 = {
						CreatedOnToolsVersion = 14.0.1;
						TestTargetID = 0EBF4E142924D4A60094FD16;
					};
					0EBF4E342924D4A80094FD16 = {
						CreatedOnToolsVersion = 14.0.1;
						TestTargetID = 0EBF4E142924D4A60094FD16;
					};
				};
			};
			buildConfigurationList = 0EBF4E102924D4A60094FD16 /* Build configuration list for PBXProject "Calc" */;
			compatibilityVersion = "Xcode 14.0";
			developmentRegion = en;
			hasScannedForEncodings = 0;
			knownRegions = (
				en,
				Base,
			);
			mainGroup = 0EBF4E0C2924D4A60094FD16;
			productRefGroup = 0EBF4E162924D4A60094FD16 /* Products */;
			projectDirPath = "";
			projectRoot = "";
			targets = (
				0EBF4E142924D4A60094FD16 /* Calc */,
				0EBF4E2A2924D4A80094FD16 /* CalcTests */,
				0EBF4E342924D4A80094FD16 /* CalcUITests */,
			);
		};
/* End PBXProject section */

/* Begin PBXResourcesBuildPhase section */
		0EBF4E132924D4A60094FD16 /* Resources */ = {
			isa = PBXResourcesBuildPhase;
			buildActionMask = 2147483647;
			files = (
				0EBF4E252924D4A70094FD16 /* LaunchScreen.storyboard in Resources */,
				0EBF4E222924D4A70094FD16 /* Assets.xcassets in Resources */,
				0EBF4E202924D4A60094FD16 /* Main.storyboard in Resources */,
			);
			runOnlyForDeploymentPostprocessing = 0;
		};
		0EBF4E292924D4A80094FD16 /* Resources */ = {
			isa = PBXResourcesBuildPhase;
			buildActionMask = 2147483647;
			files = (
			);
			runOnlyForDeploymentPostprocessing = 0;
		};
		0EBF4E332924D4A80094FD16 /* Resources */ = {
			isa = PBXResourcesBuildPhase;
			buildActionMask = 2147483647;
			files = (
			);
			runOnlyForDeploymentPostprocessing = 0;
		};
/* End PBXResourcesBuildPhase section */

/* Begin PBXSourcesBuildPhase section */
		0EBF4E112924D4A60094FD16 /* Sources */ = {
			isa = PBXSourcesBuildPhase;
			buildActionMask = 2147483647;
			files = (
				0EBF4E4B2930B9530094FD16 /* UIColor+HexValue.swift in Sources */,
				0EBF4E4D293100C50094FD16 /* MathEquation.swift in Sources */,
				0E76BC3829374F76008F179A /* MathInputController.swift in Sources */,
				0EBF4E1D2924D4A60094FD16 /* CalcViewController.swift in Sources */,
				0E76BC3A29389ADA008F179A /* String+Prefix.swift in Sources */,
				0EBF4E492930B3250094FD16 /* CalculatorTheme.swift in Sources */,
				0E76BC472938D612008F179A /* lightBlueTheme.swift in Sources */,
				0E76BC522939DF18008F179A /* ThemeManager.swift in Sources */,
				0E76BC4A2938D612008F179A /* darkBlueTheme.swift in Sources */,
				0E76BC4F2938D612008F179A /* electroTheme.swift in Sources */,
				0E76BC4E2938D612008F179A /* lightTheme.swift in Sources */,
				0E76BC54293A22A6008F179A /* DataStoreManager.swift in Sources */,
				0EBF4E192924D4A60094FD16 /* AppDelegate.swift in Sources */,
				0E76BC4D2938D612008F179A /* purpleTheme.swift in Sources */,
				0E76BC482938D612008F179A /* bloodOrangeTheme.swift in Sources */,
				0EBF4CDA29349CF100E2B79B /* CalculatorEngine.swift in Sources */,
				0EBF4E1B2924D4A60094FD16 /* SceneDelegate.swift in Sources */,
				0E76BC492938D612008F179A /* pinkTheme.swift in Sources */,
				0E76BC4B2938D612008F179A /* washedOutTheme.swift in Sources */,
				0E76BC462938D612008F179A /* orangeTheme.swift in Sources */,
				0E76BC4C2938D612008F179A /* darkTheme.swift in Sources */,
			);
			runOnlyForDeploymentPostprocessing = 0;
		};
		0EBF4E272924D4A80094FD16 /* Sources */ = {
			isa = PBXSourcesBuildPhase;
			buildActionMask = 2147483647;
			files = (
				0EBF4E302924D4A80094FD16 /* MathEquationTests.swift in Sources */,
			);
			runOnlyForDeploymentPostprocessing = 0;
		};
		0EBF4E312924D4A80094FD16 /* Sources */ = {
			isa = PBXSourcesBuildPhase;
			buildActionMask = 2147483647;
			files = (
			);
			runOnlyForDeploymentPostprocessing = 0;
		};
/* End PBXSourcesBuildPhase section */

/* Begin PBXTargetDependency section */
		0EBF4E2D2924D4A80094FD16 /* PBXTargetDependency */ = {
			isa = PBXTargetDependency;
			target = 0EBF4E142924D4A60094FD16 /* Calc */;
			targetProxy = 0EBF4E2C2924D4A80094FD16 /* PBXContainerItemProxy */;
		};
		0EBF4E372924D4A80094FD16 /* PBXTargetDependency */ = {
			isa = PBXTargetDependency;
			target = 0EBF4E142924D4A60094FD16 /* Calc */;
			targetProxy = 0EBF4E362924D4A80094FD16 /* PBXContainerItemProxy */;
		};
/* End PBXTargetDependency section */

/* Begin PBXVariantGroup section */
		0EBF4E1E2924D4A60094FD16 /* Main.storyboard */ = {
			isa = PBXVariantGroup;
			children = (
				0EBF4E1F2924D4A60094FD16 /* Base */,
			);
			name = Main.storyboard;
			sourceTree = "<group>";
		};
		0EBF4E232924D4A70094FD16 /* LaunchScreen.storyboard */ = {
			isa = PBXVariantGroup;
			children = (
				0EBF4E242924D4A70094FD16 /* Base */,
			);
			name = LaunchScreen.storyboard;
			sourceTree = "<group>";
		};
/* End PBXVariantGroup section */

/* Begin XCBuildConfiguration section */
		0EBF4E3D2924D4A80094FD16 /* Debug */ = {
			isa = XCBuildConfiguration;
			buildSettings = {
				ALWAYS_SEARCH_USER_PATHS = NO;
				CLANG_ANALYZER_NONNULL = YES;
				CLANG_ANALYZER_NUMBER_OBJECT_CONVERSION = YES_AGGRESSIVE;
				CLANG_CXX_LANGUAGE_STANDARD = "gnu++20";
				CLANG_ENABLE_MODULES = YES;
				CLANG_ENABLE_OBJC_ARC = YES;
				CLANG_ENABLE_OBJC_WEAK = YES;
				CLANG_WARN_BLOCK_CAPTURE_AUTORELEASING = YES;
				CLANG_WARN_BOOL_CONVERSION = YES;
				CLANG_WARN_COMMA = YES;
				CLANG_WARN_CONSTANT_CONVERSION = YES;
				CLANG_WARN_DEPRECATED_OBJC_IMPLEMENTATIONS = YES;
				CLANG_WARN_DIRECT_OBJC_ISA_USAGE = YES_ERROR;
				CLANG_WARN_DOCUMENTATION_COMMENTS = YES;
				CLANG_WARN_EMPTY_BODY = YES;
				CLANG_WARN_ENUM_CONVERSION = YES;
				CLANG_WARN_INFINITE_RECURSION = YES;
				CLANG_WARN_INT_CONVERSION = YES;
				CLANG_WARN_NON_LITERAL_NULL_CONVERSION = YES;
				CLANG_WARN_OBJC_IMPLICIT_RETAIN_SELF = YES;
				CLANG_WARN_OBJC_LITERAL_CONVERSION = YES;
				CLANG_WARN_OBJC_ROOT_CLASS = YES_ERROR;
				CLANG_WARN_QUOTED_INCLUDE_IN_FRAMEWORK_HEADER = YES;
				CLANG_WARN_RANGE_LOOP_ANALYSIS = YES;
				CLANG_WARN_STRICT_PROTOTYPES = YES;
				CLANG_WARN_SUSPICIOUS_MOVE = YES;
				CLANG_WARN_UNGUARDED_AVAILABILITY = YES_AGGRESSIVE;
				CLANG_WARN_UNREACHABLE_CODE = YES;
				CLANG_WARN__DUPLICATE_METHOD_MATCH = YES;
				COPY_PHASE_STRIP = NO;
				DEBUG_INFORMATION_FORMAT = dwarf;
				ENABLE_STRICT_OBJC_MSGSEND = YES;
				ENABLE_TESTABILITY = YES;
				GCC_C_LANGUAGE_STANDARD = gnu11;
				GCC_DYNAMIC_NO_PIC = NO;
				GCC_NO_COMMON_BLOCKS = YES;
				GCC_OPTIMIZATION_LEVEL = 0;
				GCC_PREPROCESSOR_DEFINITIONS = (
					"DEBUG=1",
					"$(inherited)",
				);
				GCC_WARN_64_TO_32_BIT_CONVERSION = YES;
				GCC_WARN_ABOUT_RETURN_TYPE = YES_ERROR;
				GCC_WARN_UNDECLARED_SELECTOR = YES;
				GCC_WARN_UNINITIALIZED_AUTOS = YES_AGGRESSIVE;
				GCC_WARN_UNUSED_FUNCTION = YES;
				GCC_WARN_UNUSED_VARIABLE = YES;
				IPHONEOS_DEPLOYMENT_TARGET = 16.0;
				MTL_ENABLE_DEBUG_INFO = INCLUDE_SOURCE;
				MTL_FAST_MATH = YES;
				ONLY_ACTIVE_ARCH = YES;
				SDKROOT = iphoneos;
				SWIFT_ACTIVE_COMPILATION_CONDITIONS = DEBUG;
				SWIFT_OPTIMIZATION_LEVEL = "-Onone";
			};
			name = Debug;
		};
		0EBF4E3E2924D4A80094FD16 /* Release */ = {
			isa = XCBuildConfiguration;
			buildSettings = {
				ALWAYS_SEARCH_USER_PATHS = NO;
				CLANG_ANALYZER_NONNULL = YES;
				CLANG_ANALYZER_NUMBER_OBJECT_CONVERSION = YES_AGGRESSIVE;
				CLANG_CXX_LANGUAGE_STANDARD = "gnu++20";
				CLANG_ENABLE_MODULES = YES;
				CLANG_ENABLE_OBJC_ARC = YES;
				CLANG_ENABLE_OBJC_WEAK = YES;
				CLANG_WARN_BLOCK_CAPTURE_AUTORELEASING = YES;
				CLANG_WARN_BOOL_CONVERSION = YES;
				CLANG_WARN_COMMA = YES;
				CLANG_WARN_CONSTANT_CONVERSION = YES;
				CLANG_WARN_DEPRECATED_OBJC_IMPLEMENTATIONS = YES;
				CLANG_WARN_DIRECT_OBJC_ISA_USAGE = YES_ERROR;
				CLANG_WARN_DOCUMENTATION_COMMENTS = YES;
				CLANG_WARN_EMPTY_BODY = YES;
				CLANG_WARN_ENUM_CONVERSION = YES;
				CLANG_WARN_INFINITE_RECURSION = YES;
				CLANG_WARN_INT_CONVERSION = YES;
				CLANG_WARN_NON_LITERAL_NULL_CONVERSION = YES;
				CLANG_WARN_OBJC_IMPLICIT_RETAIN_SELF = YES;
				CLANG_WARN_OBJC_LITERAL_CONVERSION = YES;
				CLANG_WARN_OBJC_ROOT_CLASS = YES_ERROR;
				CLANG_WARN_QUOTED_INCLUDE_IN_FRAMEWORK_HEADER = YES;
				CLANG_WARN_RANGE_LOOP_ANALYSIS = YES;
				CLANG_WARN_STRICT_PROTOTYPES = YES;
				CLANG_WARN_SUSPICIOUS_MOVE = YES;
				CLANG_WARN_UNGUARDED_AVAILABILITY = YES_AGGRESSIVE;
				CLANG_WARN_UNREACHABLE_CODE = YES;
				CLANG_WARN__DUPLICATE_METHOD_MATCH = YES;
				COPY_PHASE_STRIP = NO;
				DEBUG_INFORMATION_FORMAT = "dwarf-with-dsym";
				ENABLE_NS_ASSERTIONS = NO;
				ENABLE_STRICT_OBJC_MSGSEND = YES;
				GCC_C_LANGUAGE_STANDARD = gnu11;
				GCC_NO_COMMON_BLOCKS = YES;
				GCC_WARN_64_TO_32_BIT_CONVERSION = YES;
				GCC_WARN_ABOUT_RETURN_TYPE = YES_ERROR;
				GCC_WARN_UNDECLARED_SELECTOR = YES;
				GCC_WARN_UNINITIALIZED_AUTOS = YES_AGGRESSIVE;
				GCC_WARN_UNUSED_FUNCTION = YES;
				GCC_WARN_UNUSED_VARIABLE = YES;
				IPHONEOS_DEPLOYMENT_TARGET = 16.0;
				MTL_ENABLE_DEBUG_INFO = NO;
				MTL_FAST_MATH = YES;
				SDKROOT = iphoneos;
				SWIFT_COMPILATION_MODE = wholemodule;
				SWIFT_OPTIMIZATION_LEVEL = "-O";
				VALIDATE_PRODUCT = YES;
			};
			name = Release;
		};
		0EBF4E402924D4A80094FD16 /* Debug */ = {
			isa = XCBuildConfiguration;
			buildSettings = {
				ASSETCATALOG_COMPILER_APPICON_NAME = AppIcon;
				ASSETCATALOG_COMPILER_GLOBAL_ACCENT_COLOR_NAME = AccentColor;
				CODE_SIGN_STYLE = Automatic;
				CURRENT_PROJECT_VERSION = 1;
				GENERATE_INFOPLIST_FILE = YES;
				INFOPLIST_FILE = Calc/Info.plist;
				INFOPLIST_KEY_UIApplicationSupportsIndirectInputEvents = YES;
				INFOPLIST_KEY_UILaunchStoryboardName = LaunchScreen;
				INFOPLIST_KEY_UIMainStoryboardFile = Main;
				INFOPLIST_KEY_UISupportedInterfaceOrientations_iPad = "UIInterfaceOrientationPortrait UIInterfaceOrientationPortraitUpsideDown UIInterfaceOrientationLandscapeLeft UIInterfaceOrientationLandscapeRight";
				INFOPLIST_KEY_UISupportedInterfaceOrientations_iPhone = "UIInterfaceOrientationPortrait UIInterfaceOrientationLandscapeLeft UIInterfaceOrientationLandscapeRight";
				LD_RUNPATH_SEARCH_PATHS = (
					"$(inherited)",
					"@executable_path/Frameworks",
				);
				MARKETING_VERSION = 1.0;
				PRODUCT_BUNDLE_IDENTIFIER = com.test.test.Calc;
				PRODUCT_NAME = "$(TARGET_NAME)";
				SWIFT_EMIT_LOC_STRINGS = YES;
				SWIFT_VERSION = 5.0;
				TARGETED_DEVICE_FAMILY = "1,2";
			};
			name = Debug;
		};
		0EBF4E412924D4A80094FD16 /* Release */ = {
			isa = XCBuildConfiguration;
			buildSettings = {
				ASSETCATALOG_COMPILER_APPICON_NAME = AppIcon;
				ASSETCATALOG_COMPILER_GLOBAL_ACCENT_COLOR_NAME = AccentColor;
				CODE_SIGN_STYLE = Automatic;
				CURRENT_PROJECT_VERSION = 1;
				GENERATE_INFOPLIST_FILE = YES;
				INFOPLIST_FILE = Calc/Info.plist;
				INFOPLIST_KEY_UIApplicationSupportsIndirectInputEvents = YES;
				INFOPLIST_KEY_UILaunchStoryboardName = LaunchScreen;
				INFOPLIST_KEY_UIMainStoryboardFile = Main;
				INFOPLIST_KEY_UISupportedInterfaceOrientations_iPad = "UIInterfaceOrientationPortrait UIInterfaceOrientationPortraitUpsideDown UIInterfaceOrientationLandscapeLeft UIInterfaceOrientationLandscapeRight";
				INFOPLIST_KEY_UISupportedInterfaceOrientations_iPhone = "UIInterfaceOrientationPortrait UIInterfaceOrientationLandscapeLeft UIInterfaceOrientationLandscapeRight";
				LD_RUNPATH_SEARCH_PATHS = (
					"$(inherited)",
					"@executable_path/Frameworks",
				);
				MARKETING_VERSION = 1.0;
				PRODUCT_BUNDLE_IDENTIFIER = com.test.test.Calc;
				PRODUCT_NAME = "$(TARGET_NAME)";
				SWIFT_EMIT_LOC_STRINGS = YES;
				SWIFT_VERSION = 5.0;
				TARGETED_DEVICE_FAMILY = "1,2";
			};
			name = Release;
		};
		0EBF4E432924D4A80094FD16 /* Debug */ = {
			isa = XCBuildConfiguration;
			buildSettings = {
				ALWAYS_EMBED_SWIFT_STANDARD_LIBRARIES = YES;
				BUNDLE_LOADER = "$(TEST_HOST)";
				CODE_SIGN_STYLE = Automatic;
				CURRENT_PROJECT_VERSION = 1;
				GENERATE_INFOPLIST_FILE = YES;
				IPHONEOS_DEPLOYMENT_TARGET = 16.0;
				MARKETING_VERSION = 1.0;
				PRODUCT_BUNDLE_IDENTIFIER = com.test.test.CalcTests;
				PRODUCT_NAME = "$(TARGET_NAME)";
				SWIFT_EMIT_LOC_STRINGS = NO;
				SWIFT_VERSION = 5.0;
				TARGETED_DEVICE_FAMILY = "1,2";
				TEST_HOST = "$(BUILT_PRODUCTS_DIR)/Calc.app/$(BUNDLE_EXECUTABLE_FOLDER_PATH)/Calc";
			};
			name = Debug;
		};
		0EBF4E442924D4A80094FD16 /* Release */ = {
			isa = XCBuildConfiguration;
			buildSettings = {
				ALWAYS_EMBED_SWIFT_STANDARD_LIBRARIES = YES;
				BUNDLE_LOADER = "$(TEST_HOST)";
				CODE_SIGN_STYLE = Automatic;
				CURRENT_PROJECT_VERSION = 1;
				GENERATE_INFOPLIST_FILE = YES;
				IPHONEOS_DEPLOYMENT_TARGET = 16.0;
				MARKETING_VERSION = 1.0;
				PRODUCT_BUNDLE_IDENTIFIER = com.test.test.CalcTests;
				PRODUCT_NAME = "$(TARGET_NAME)";
				SWIFT_EMIT_LOC_STRINGS = NO;
				SWIFT_VERSION = 5.0;
				TARGETED_DEVICE_FAMILY = "1,2";
				TEST_HOST = "$(BUILT_PRODUCTS_DIR)/Calc.app/$(BUNDLE_EXECUTABLE_FOLDER_PATH)/Calc";
			};
			name = Release;
		};
		0EBF4E462924D4A80094FD16 /* Debug */ = {
			isa = XCBuildConfiguration;
			buildSettings = {
				ALWAYS_EMBED_SWIFT_STANDARD_LIBRARIES = YES;
				CODE_SIGN_STYLE = Automatic;
				CURRENT_PROJECT_VERSION = 1;
				GENERATE_INFOPLIST_FILE = YES;
				MARKETING_VERSION = 1.0;
				PRODUCT_BUNDLE_IDENTIFIER = com.test.test.CalcUITests;
				PRODUCT_NAME = "$(TARGET_NAME)";
				SWIFT_EMIT_LOC_STRINGS = NO;
				SWIFT_VERSION = 5.0;
				TARGETED_DEVICE_FAMILY = "1,2";
				TEST_TARGET_NAME = Calc;
			};
			name = Debug;
		};
		0EBF4E472924D4A80094FD16 /* Release */ = {
			isa = XCBuildConfiguration;
			buildSettings = {
				ALWAYS_EMBED_SWIFT_STANDARD_LIBRARIES = YES;
				CODE_SIGN_STYLE = Automatic;
				CURRENT_PROJECT_VERSION = 1;
				GENERATE_INFOPLIST_FILE = YES;
				MARKETING_VERSION = 1.0;
				PRODUCT_BUNDLE_IDENTIFIER = com.test.test.CalcUITests;
				PRODUCT_NAME = "$(TARGET_NAME)";
				SWIFT_EMIT_LOC_STRINGS = NO;
				SWIFT_VERSION = 5.0;
				TARGETED_DEVICE_FAMILY = "1,2";
				TEST_TARGET_NAME = Calc;
			};
			name = Release;
		};
/* End XCBuildConfiguration section */

/* Begin XCConfigurationList section */
		0EBF4E102924D4A60094FD16 /* Build configuration list for PBXProject "Calc" */ = {
			isa = XCConfigurationList;
			buildConfigurations = (
				0EBF4E3D2924D4A80094FD16 /* Debug */,
				0EBF4E3E2924D4A80094FD16 /* Release */,
			);
			defaultConfigurationIsVisible = 0;
			defaultConfigurationName = Release;
		};
		0EBF4E3F2924D4A80094FD16 /* Build configuration list for PBXNativeTarget "Calc" */ = {
			isa = XCConfigurationList;
			buildConfigurations = (
				0EBF4E402924D4A80094FD16 /* Debug */,
				0EBF4E412924D4A80094FD16 /* Release */,
			);
			defaultConfigurationIsVisible = 0;
			defaultConfigurationName = Release;
		};
		0EBF4E422924D4A80094FD16 /* Build configuration list for PBXNativeTarget "CalcTests" */ = {
			isa = XCConfigurationList;
			buildConfigurations = (
				0EBF4E432924D4A80094FD16 /* Debug */,
				0EBF4E442924D4A80094FD16 /* Release */,
			);
			defaultConfigurationIsVisible = 0;
			defaultConfigurationName = Release;
		};
		0EBF4E452924D4A80094FD16 /* Build configuration list for PBXNativeTarget "CalcUITests" */ = {
			isa = XCConfigurationList;
			buildConfigurations = (
				0EBF4E462924D4A80094FD16 /* Debug */,
				0EBF4E472924D4A80094FD16 /* Release */,
			);
			defaultConfigurationIsVisible = 0;
			defaultConfigurationName = Release;
		};
/* End XCConfigurationList section */
	};
	rootObject = 0EBF4E0D2924D4A60094FD16 /* Project object */;
}
